// !$*UTF8*$!
{
	archiveVersion = 1;
	classes = {
	};
	objectVersion = 46;
	objects = {

/* Begin PBXBuildFile section */
		57171B1E1D7FBFE200F2C7FA /* ReservationStore.swift in Sources */ = {isa = PBXBuildFile; fileRef = 57CDA70D1D31F297005DD618 /* ReservationStore.swift */; };
		57171B1F1D7FBFE200F2C7FA /* FBOSelectorViewController.swift in Sources */ = {isa = PBXBuildFile; fileRef = 99B30CA41D7E0F8600A1736C /* FBOSelectorViewController.swift */; };
		57171B201D7FBFE200F2C7FA /* ServicesTableViewController.swift in Sources */ = {isa = PBXBuildFile; fileRef = 991B63621D67954200922085 /* ServicesTableViewController.swift */; };
		57171B211D7FBFE200F2C7FA /* RegistrationModel.swift in Sources */ = {isa = PBXBuildFile; fileRef = 572828831CC43F170005A6EA /* RegistrationModel.swift */; };
		57171B221D7FBFE200F2C7FA /* PresentationViewController.swift in Sources */ = {isa = PBXBuildFile; fileRef = 99694BE71D7D238D007FACBF /* PresentationViewController.swift */; };
		57171B231D7FBFE200F2C7FA /* FboSelectorCell.swift in Sources */ = {isa = PBXBuildFile; fileRef = 99B30CA61D7F21BC00A1736C /* FboSelectorCell.swift */; };
		57171B241D7FBFE200F2C7FA /* FlightInformationViewController.swift in Sources */ = {isa = PBXBuildFile; fileRef = 57CDA7071D31BACE005DD618 /* FlightInformationViewController.swift */; };
		57171B251D7FBFE200F2C7FA /* ReservationCell.swift in Sources */ = {isa = PBXBuildFile; fileRef = 5784646C1D35DF4B00E5E6BF /* ReservationCell.swift */; };
		57171B261D7FBFE200F2C7FA /* MessagesLoginViewController.swift in Sources */ = {isa = PBXBuildFile; fileRef = 57EE9CA31D75220400E1A57F /* MessagesLoginViewController.swift */; };
		57171B271D7FBFE200F2C7FA /* ScheduleViewController.swift in Sources */ = {isa = PBXBuildFile; fileRef = 57CDA7091D31EDF0005DD618 /* ScheduleViewController.swift */; };
		57171B281D7FBFE200F2C7FA /* RegistrationManager.swift in Sources */ = {isa = PBXBuildFile; fileRef = 572828851CC44B470005A6EA /* RegistrationManager.swift */; };
		57171B291D7FBFE200F2C7FA /* SummaryViewController.swift in Sources */ = {isa = PBXBuildFile; fileRef = 5734C8851CAB766A0031B000 /* SummaryViewController.swift */; };
		57171B2A1D7FBFE200F2C7FA /* RegistrationViewController.swift in Sources */ = {isa = PBXBuildFile; fileRef = 5734C86B1CAB67820031B000 /* RegistrationViewController.swift */; };
		57171B2B1D7FBFE200F2C7FA /* ChatViewController.swift in Sources */ = {isa = PBXBuildFile; fileRef = 57EE9CA51D75260200E1A57F /* ChatViewController.swift */; };
		57171B2C1D7FBFE200F2C7FA /* AppDelegate.swift in Sources */ = {isa = PBXBuildFile; fileRef = 5734C8691CAB67820031B000 /* AppDelegate.swift */; };
		57171B2D1D7FBFE200F2C7FA /* Reservation.swift in Sources */ = {isa = PBXBuildFile; fileRef = 57CDA70B1D31EE1D005DD618 /* Reservation.swift */; };
		57171B2E1D7FBFE200F2C7FA /* ServiceCell.swift in Sources */ = {isa = PBXBuildFile; fileRef = 9944486B1D6C25D3002F68F5 /* ServiceCell.swift */; };
		57171B301D7FBFE200F2C7FA /* Pods_CumulusFBO.framework in Frameworks */ = {isa = PBXBuildFile; fileRef = 411362B1E61BA4637CC091BE /* Pods_CumulusFBO.framework */; };
		57171B331D7FBFE200F2C7FA /* LaunchScreen.storyboard in Resources */ = {isa = PBXBuildFile; fileRef = 5734C8721CAB67820031B000 /* LaunchScreen.storyboard */; };
		57171B341D7FBFE200F2C7FA /* Assets.xcassets in Resources */ = {isa = PBXBuildFile; fileRef = 5734C8701CAB67820031B000 /* Assets.xcassets */; };
		57171B351D7FBFE200F2C7FA /* Registration.storyboard in Resources */ = {isa = PBXBuildFile; fileRef = 5742FDEE1D42A19000CB0DDB /* Registration.storyboard */; };
		572828841CC43F170005A6EA /* RegistrationModel.swift in Sources */ = {isa = PBXBuildFile; fileRef = 572828831CC43F170005A6EA /* RegistrationModel.swift */; };
		572828861CC44B470005A6EA /* RegistrationManager.swift in Sources */ = {isa = PBXBuildFile; fileRef = 572828851CC44B470005A6EA /* RegistrationManager.swift */; };
		5734C86A1CAB67820031B000 /* AppDelegate.swift in Sources */ = {isa = PBXBuildFile; fileRef = 5734C8691CAB67820031B000 /* AppDelegate.swift */; };
		5734C86C1CAB67820031B000 /* RegistrationViewController.swift in Sources */ = {isa = PBXBuildFile; fileRef = 5734C86B1CAB67820031B000 /* RegistrationViewController.swift */; };
		5734C8711CAB67820031B000 /* Assets.xcassets in Resources */ = {isa = PBXBuildFile; fileRef = 5734C8701CAB67820031B000 /* Assets.xcassets */; };
		5734C8741CAB67820031B000 /* LaunchScreen.storyboard in Resources */ = {isa = PBXBuildFile; fileRef = 5734C8721CAB67820031B000 /* LaunchScreen.storyboard */; };
		5734C8861CAB766A0031B000 /* SummaryViewController.swift in Sources */ = {isa = PBXBuildFile; fileRef = 5734C8851CAB766A0031B000 /* SummaryViewController.swift */; };
		5784646D1D35DF4B00E5E6BF /* ReservationCell.swift in Sources */ = {isa = PBXBuildFile; fileRef = 5784646C1D35DF4B00E5E6BF /* ReservationCell.swift */; };
		57CDA7081D31BACE005DD618 /* FlightInformationViewController.swift in Sources */ = {isa = PBXBuildFile; fileRef = 57CDA7071D31BACE005DD618 /* FlightInformationViewController.swift */; };
		57CDA70A1D31EDF0005DD618 /* ScheduleViewController.swift in Sources */ = {isa = PBXBuildFile; fileRef = 57CDA7091D31EDF0005DD618 /* ScheduleViewController.swift */; };
		57CDA70C1D31EE1D005DD618 /* Reservation.swift in Sources */ = {isa = PBXBuildFile; fileRef = 57CDA70B1D31EE1D005DD618 /* Reservation.swift */; };
		57CDA70E1D31F297005DD618 /* ReservationStore.swift in Sources */ = {isa = PBXBuildFile; fileRef = 57CDA70D1D31F297005DD618 /* ReservationStore.swift */; };
		57EE9CA21D75201B00E1A57F /* Registration.storyboard in Resources */ = {isa = PBXBuildFile; fileRef = 5742FDEE1D42A19000CB0DDB /* Registration.storyboard */; };
		57EE9CA41D75220400E1A57F /* MessagesLoginViewController.swift in Sources */ = {isa = PBXBuildFile; fileRef = 57EE9CA31D75220400E1A57F /* MessagesLoginViewController.swift */; };
		57EE9CA61D75260200E1A57F /* ChatViewController.swift in Sources */ = {isa = PBXBuildFile; fileRef = 57EE9CA51D75260200E1A57F /* ChatViewController.swift */; };
		91CD89B85D4A4D5F99886820 /* Pods_CumulusFBO.framework in Frameworks */ = {isa = PBXBuildFile; fileRef = 411362B1E61BA4637CC091BE /* Pods_CumulusFBO.framework */; };
		9912A03D1DA2C6C200EBBD4C /* Keys.plist in Resources */ = {isa = PBXBuildFile; fileRef = 9912A03C1DA2C6C200EBBD4C /* Keys.plist */; };
		9915ECE31D9F519C00EF65B0 /* AirportsModel.swift in Sources */ = {isa = PBXBuildFile; fileRef = 9915ECE21D9F519C00EF65B0 /* AirportsModel.swift */; };
		991B63631D67954200922085 /* ServicesTableViewController.swift in Sources */ = {isa = PBXBuildFile; fileRef = 991B63621D67954200922085 /* ServicesTableViewController.swift */; };
		993F08991DC1C978001D31CE /* PilotInformationModel.swift in Sources */ = {isa = PBXBuildFile; fileRef = 993F08981DC1C978001D31CE /* PilotInformationModel.swift */; };
		993F089B1DC40C59001D31CE /* LoginViewController.swift in Sources */ = {isa = PBXBuildFile; fileRef = 993F089A1DC40C59001D31CE /* LoginViewController.swift */; };
		9942E5A31D8A5CFB0030B551 /* sample.pdf in Resources */ = {isa = PBXBuildFile; fileRef = 9942E5A01D8A5CFB0030B551 /* sample.pdf */; };
		9942E5A41D8A5CFB0030B551 /* sample2.pdf in Resources */ = {isa = PBXBuildFile; fileRef = 9942E5A11D8A5CFB0030B551 /* sample2.pdf */; };
		9942E5A51D8A5CFB0030B551 /* sample3.pdf in Resources */ = {isa = PBXBuildFile; fileRef = 9942E5A21D8A5CFB0030B551 /* sample3.pdf */; };
		9944486C1D6C25D3002F68F5 /* ServiceCell.swift in Sources */ = {isa = PBXBuildFile; fileRef = 9944486B1D6C25D3002F68F5 /* ServiceCell.swift */; };
		99694BE81D7D238D007FACBF /* PresentationViewController.swift in Sources */ = {isa = PBXBuildFile; fileRef = 99694BE71D7D238D007FACBF /* PresentationViewController.swift */; };
		9969BD9F1D9ADACB00639F55 /* GoogleService-Info.plist in Resources */ = {isa = PBXBuildFile; fileRef = 9969BD9E1D9ADACB00639F55 /* GoogleService-Info.plist */; };
		997904B11D89D8D400E3FEA4 /* PDFViewController.swift in Sources */ = {isa = PBXBuildFile; fileRef = 997904B01D89D8D400E3FEA4 /* PDFViewController.swift */; };
		997B3AC31DC0253100AFEA49 /* SignUpInformationViewController.swift in Sources */ = {isa = PBXBuildFile; fileRef = 997B3AC21DC0253100AFEA49 /* SignUpInformationViewController.swift */; };
		99A46EF51DBE989B00629038 /* UserSignUpViewController.swift in Sources */ = {isa = PBXBuildFile; fileRef = 99A46EF41DBE989B00629038 /* UserSignUpViewController.swift */; };
		99A46EF81DBEA42100629038 /* PilotModel.swift in Sources */ = {isa = PBXBuildFile; fileRef = 99A46EF71DBEA42100629038 /* PilotModel.swift */; };
		99B30CA51D7E0F8600A1736C /* FBOSelectorViewController.swift in Sources */ = {isa = PBXBuildFile; fileRef = 99B30CA41D7E0F8600A1736C /* FBOSelectorViewController.swift */; };
		99B30CA71D7F21BC00A1736C /* FboSelectorCell.swift in Sources */ = {isa = PBXBuildFile; fileRef = 99B30CA61D7F21BC00A1736C /* FboSelectorCell.swift */; };
		99B39B161DAB4E5100675128 /* SelectionTableViewController.swift in Sources */ = {isa = PBXBuildFile; fileRef = 99B39B151DAB4E5100675128 /* SelectionTableViewController.swift */; };
		99F603BB1D9A26AA00A2EA8E /* FBOsModel.swift in Sources */ = {isa = PBXBuildFile; fileRef = 99F603BA1D9A26AA00A2EA8E /* FBOsModel.swift */; };
/* End PBXBuildFile section */

/* Begin PBXFileReference section */
		411362B1E61BA4637CC091BE /* Pods_CumulusFBO.framework */ = {isa = PBXFileReference; explicitFileType = wrapper.framework; includeInIndex = 0; path = Pods_CumulusFBO.framework; sourceTree = BUILT_PRODUCTS_DIR; };
		57171B3D1D7FBFE200F2C7FA /* CumulusFBO.app */ = {isa = PBXFileReference; explicitFileType = wrapper.application; includeInIndex = 0; path = CumulusFBO.app; sourceTree = BUILT_PRODUCTS_DIR; };
		57171B3E1D7FBFE200F2C7FA /* CumulusFBO.plist */ = {isa = PBXFileReference; lastKnownFileType = text.plist.xml; name = CumulusFBO.plist; path = /Users/danpatey/Documents/Code/CumulusFBO/CumulusFBO.plist; sourceTree = "<absolute>"; };
		572828831CC43F170005A6EA /* RegistrationModel.swift */ = {isa = PBXFileReference; fileEncoding = 4; lastKnownFileType = sourcecode.swift; lineEnding = 0; name = RegistrationModel.swift; path = CumulusFBO/RegistrationModel.swift; sourceTree = "<group>"; xcLanguageSpecificationIdentifier = xcode.lang.swift; };
		572828851CC44B470005A6EA /* RegistrationManager.swift */ = {isa = PBXFileReference; fileEncoding = 4; lastKnownFileType = sourcecode.swift; name = RegistrationManager.swift; path = CumulusFBO/RegistrationManager.swift; sourceTree = "<group>"; };
		5734C8661CAB67820031B000 /* FBOGo.app */ = {isa = PBXFileReference; explicitFileType = wrapper.application; includeInIndex = 0; path = FBOGo.app; sourceTree = BUILT_PRODUCTS_DIR; };
		5734C8691CAB67820031B000 /* AppDelegate.swift */ = {isa = PBXFileReference; lastKnownFileType = sourcecode.swift; name = AppDelegate.swift; path = CumulusFBO/AppDelegate.swift; sourceTree = "<group>"; };
		5734C86B1CAB67820031B000 /* RegistrationViewController.swift */ = {isa = PBXFileReference; lastKnownFileType = sourcecode.swift; lineEnding = 0; path = RegistrationViewController.swift; sourceTree = "<group>"; xcLanguageSpecificationIdentifier = xcode.lang.swift; };
		5734C8701CAB67820031B000 /* Assets.xcassets */ = {isa = PBXFileReference; lastKnownFileType = folder.assetcatalog; name = Assets.xcassets; path = CumulusFBO/Assets.xcassets; sourceTree = "<group>"; };
		5734C8731CAB67820031B000 /* Base */ = {isa = PBXFileReference; lastKnownFileType = file.storyboard; name = Base; path = Base.lproj/LaunchScreen.storyboard; sourceTree = "<group>"; };
		5734C8751CAB67820031B000 /* FBOGo.plist */ = {isa = PBXFileReference; lastKnownFileType = text.plist.xml; path = FBOGo.plist; sourceTree = "<group>"; };
		5734C8851CAB766A0031B000 /* SummaryViewController.swift */ = {isa = PBXFileReference; fileEncoding = 4; lastKnownFileType = sourcecode.swift; path = SummaryViewController.swift; sourceTree = "<group>"; };
		5742FDEE1D42A19000CB0DDB /* Registration.storyboard */ = {isa = PBXFileReference; fileEncoding = 4; lastKnownFileType = file.storyboard; name = Registration.storyboard; path = CumulusFBO/Registration.storyboard; sourceTree = "<group>"; };
		5784646C1D35DF4B00E5E6BF /* ReservationCell.swift */ = {isa = PBXFileReference; fileEncoding = 4; lastKnownFileType = sourcecode.swift; name = ReservationCell.swift; path = CumulusFBO/ReservationCell.swift; sourceTree = "<group>"; };
		57CDA7071D31BACE005DD618 /* FlightInformationViewController.swift */ = {isa = PBXFileReference; fileEncoding = 4; lastKnownFileType = sourcecode.swift; path = FlightInformationViewController.swift; sourceTree = "<group>"; };
		57CDA7091D31EDF0005DD618 /* ScheduleViewController.swift */ = {isa = PBXFileReference; fileEncoding = 4; lastKnownFileType = sourcecode.swift; path = ScheduleViewController.swift; sourceTree = "<group>"; };
		57CDA70B1D31EE1D005DD618 /* Reservation.swift */ = {isa = PBXFileReference; fileEncoding = 4; lastKnownFileType = sourcecode.swift; name = Reservation.swift; path = CumulusFBO/Reservation.swift; sourceTree = "<group>"; };
		57CDA70D1D31F297005DD618 /* ReservationStore.swift */ = {isa = PBXFileReference; fileEncoding = 4; lastKnownFileType = sourcecode.swift; name = ReservationStore.swift; path = CumulusFBO/ReservationStore.swift; sourceTree = "<group>"; };
		57EE9CA31D75220400E1A57F /* MessagesLoginViewController.swift */ = {isa = PBXFileReference; fileEncoding = 4; lastKnownFileType = sourcecode.swift; path = MessagesLoginViewController.swift; sourceTree = "<group>"; };
		57EE9CA51D75260200E1A57F /* ChatViewController.swift */ = {isa = PBXFileReference; fileEncoding = 4; lastKnownFileType = sourcecode.swift; path = ChatViewController.swift; sourceTree = "<group>"; };
		9912A03C1DA2C6C200EBBD4C /* Keys.plist */ = {isa = PBXFileReference; fileEncoding = 4; lastKnownFileType = text.plist.xml; path = Keys.plist; sourceTree = "<group>"; };
		9915ECE21D9F519C00EF65B0 /* AirportsModel.swift */ = {isa = PBXFileReference; fileEncoding = 4; lastKnownFileType = sourcecode.swift; path = AirportsModel.swift; sourceTree = "<group>"; };
		991B63621D67954200922085 /* ServicesTableViewController.swift */ = {isa = PBXFileReference; fileEncoding = 4; lastKnownFileType = sourcecode.swift; path = ServicesTableViewController.swift; sourceTree = "<group>"; };
		993F08981DC1C978001D31CE /* PilotInformationModel.swift */ = {isa = PBXFileReference; fileEncoding = 4; lastKnownFileType = sourcecode.swift; name = PilotInformationModel.swift; path = CumulusFBO/PilotInformationModel.swift; sourceTree = "<group>"; };
		993F089A1DC40C59001D31CE /* LoginViewController.swift */ = {isa = PBXFileReference; fileEncoding = 4; lastKnownFileType = sourcecode.swift; path = LoginViewController.swift; sourceTree = "<group>"; };
		9942E5A01D8A5CFB0030B551 /* sample.pdf */ = {isa = PBXFileReference; lastKnownFileType = image.pdf; path = sample.pdf; sourceTree = "<group>"; };
		9942E5A11D8A5CFB0030B551 /* sample2.pdf */ = {isa = PBXFileReference; lastKnownFileType = image.pdf; path = sample2.pdf; sourceTree = "<group>"; };
		9942E5A21D8A5CFB0030B551 /* sample3.pdf */ = {isa = PBXFileReference; lastKnownFileType = image.pdf; path = sample3.pdf; sourceTree = "<group>"; };
		9944486B1D6C25D3002F68F5 /* ServiceCell.swift */ = {isa = PBXFileReference; fileEncoding = 4; lastKnownFileType = sourcecode.swift; name = ServiceCell.swift; path = CumulusFBO/ServiceCell.swift; sourceTree = "<group>"; };
		99694BE71D7D238D007FACBF /* PresentationViewController.swift */ = {isa = PBXFileReference; fileEncoding = 4; lastKnownFileType = sourcecode.swift; path = PresentationViewController.swift; sourceTree = "<group>"; };
		9969BD9E1D9ADACB00639F55 /* GoogleService-Info.plist */ = {isa = PBXFileReference; fileEncoding = 4; lastKnownFileType = text.plist.xml; path = "GoogleService-Info.plist"; sourceTree = "<group>"; };
		9969BDA01D9ADEB400639F55 /* FBOGo.entitlements */ = {isa = PBXFileReference; lastKnownFileType = text.plist.entitlements; name = FBOGo.entitlements; path = FBOGo/FBOGo.entitlements; sourceTree = "<group>"; };
		997904B01D89D8D400E3FEA4 /* PDFViewController.swift */ = {isa = PBXFileReference; fileEncoding = 4; lastKnownFileType = sourcecode.swift; name = PDFViewController.swift; path = ../PDFViewController.swift; sourceTree = "<group>"; };
		997904B21D89DD6200E3FEA4 /* UXMPDFKit.framework */ = {isa = PBXFileReference; lastKnownFileType = wrapper.framework; name = UXMPDFKit.framework; path = "../../Library/Developer/Xcode/DerivedData/CumulusFBO-epwznkkzqkbessczgkfyhipvbwnp/Build/Products/Debug-iphonesimulator/UXMPDFKit.framework"; sourceTree = "<group>"; };
		997B3AC21DC0253100AFEA49 /* SignUpInformationViewController.swift */ = {isa = PBXFileReference; fileEncoding = 4; lastKnownFileType = sourcecode.swift; name = SignUpInformationViewController.swift; path = ../SignUpInformationViewController.swift; sourceTree = "<group>"; };
		99A46EF41DBE989B00629038 /* UserSignUpViewController.swift */ = {isa = PBXFileReference; fileEncoding = 4; lastKnownFileType = sourcecode.swift; name = UserSignUpViewController.swift; path = ../UserSignUpViewController.swift; sourceTree = "<group>"; };
		99A46EF71DBEA42100629038 /* PilotModel.swift */ = {isa = PBXFileReference; fileEncoding = 4; lastKnownFileType = sourcecode.swift; path = PilotModel.swift; sourceTree = "<group>"; };
		99B30CA41D7E0F8600A1736C /* FBOSelectorViewController.swift */ = {isa = PBXFileReference; fileEncoding = 4; lastKnownFileType = sourcecode.swift; path = FBOSelectorViewController.swift; sourceTree = "<group>"; };
		99B30CA61D7F21BC00A1736C /* FboSelectorCell.swift */ = {isa = PBXFileReference; fileEncoding = 4; lastKnownFileType = sourcecode.swift; name = FboSelectorCell.swift; path = CumulusFBO/FboSelectorCell.swift; sourceTree = "<group>"; };
		99B39B151DAB4E5100675128 /* SelectionTableViewController.swift */ = {isa = PBXFileReference; fileEncoding = 4; lastKnownFileType = sourcecode.swift; name = SelectionTableViewController.swift; path = ../SelectionTableViewController.swift; sourceTree = "<group>"; };
		99F603BA1D9A26AA00A2EA8E /* FBOsModel.swift */ = {isa = PBXFileReference; fileEncoding = 4; lastKnownFileType = sourcecode.swift; path = FBOsModel.swift; sourceTree = "<group>"; };
		ACE457445BE6BF3D90677A3E /* Pods-CumulusFBO.release.xcconfig */ = {isa = PBXFileReference; includeInIndex = 1; lastKnownFileType = text.xcconfig; name = "Pods-CumulusFBO.release.xcconfig"; path = "Pods/Target Support Files/Pods-CumulusFBO/Pods-CumulusFBO.release.xcconfig"; sourceTree = "<group>"; };
		E26A9082861F5B45E1ED21E5 /* Pods-CumulusFBO.debug.xcconfig */ = {isa = PBXFileReference; includeInIndex = 1; lastKnownFileType = text.xcconfig; name = "Pods-CumulusFBO.debug.xcconfig"; path = "Pods/Target Support Files/Pods-CumulusFBO/Pods-CumulusFBO.debug.xcconfig"; sourceTree = "<group>"; };
/* End PBXFileReference section */

/* Begin PBXFrameworksBuildPhase section */
		57171B2F1D7FBFE200F2C7FA /* Frameworks */ = {
			isa = PBXFrameworksBuildPhase;
			buildActionMask = 2147483647;
			files = (
				57171B301D7FBFE200F2C7FA /* Pods_CumulusFBO.framework in Frameworks */,
			);
			runOnlyForDeploymentPostprocessing = 0;
		};
		5734C8631CAB67820031B000 /* Frameworks */ = {
			isa = PBXFrameworksBuildPhase;
			buildActionMask = 2147483647;
			files = (
				91CD89B85D4A4D5F99886820 /* Pods_CumulusFBO.framework in Frameworks */,
			);
			runOnlyForDeploymentPostprocessing = 0;
		};
/* End PBXFrameworksBuildPhase section */

/* Begin PBXGroup section */
		5734C85D1CAB67820031B000 = {
			isa = PBXGroup;
			children = (
				5734C8681CAB67820031B000 /* CumlusFBO */,
				5734C8691CAB67820031B000 /* AppDelegate.swift */,
				9969BDA01D9ADEB400639F55 /* FBOGo.entitlements */,
				5734C8671CAB67820031B000 /* Products */,
				7B083106E6F3A85DD6E69866 /* Pods */,
				7D43CF5E55CCD8512A142461 /* Frameworks */,
			);
			sourceTree = "<group>";
		};
		5734C8671CAB67820031B000 /* Products */ = {
			isa = PBXGroup;
			children = (
				5734C8661CAB67820031B000 /* FBOGo.app */,
				57171B3D1D7FBFE200F2C7FA /* CumulusFBO.app */,
			);
			name = Products;
			sourceTree = "<group>";
		};
		5734C8681CAB67820031B000 /* CumlusFBO */ = {
			isa = PBXGroup;
			children = (
				997AC12D1D61F80D008FA2A5 /* ViewControllers */,
				99B30CAA1D7F243300A1736C /* Views */,
				57EE9CA71D7527D200E1A57F /* Models */,
				57EE9CA81D7527E700E1A57F /* Layouts */,
				998F91691D6EAA8200F4B4EF /* Plist */,
				57420D331D9F8F5D00A7C4EA /* Resources */,
			);
			name = CumlusFBO;
			path = CumulusFBO;
			sourceTree = "<group>";
		};
		57420D2F1D9F8DD700A7C4EA /* Register */ = {
			isa = PBXGroup;
			children = (
				99B39B151DAB4E5100675128 /* SelectionTableViewController.swift */,
				99B30CA41D7E0F8600A1736C /* FBOSelectorViewController.swift */,
				5734C86B1CAB67820031B000 /* RegistrationViewController.swift */,
				57CDA7071D31BACE005DD618 /* FlightInformationViewController.swift */,
				991B63621D67954200922085 /* ServicesTableViewController.swift */,
				5734C8851CAB766A0031B000 /* SummaryViewController.swift */,
			);
			name = Register;
			sourceTree = "<group>";
		};
		57420D301D9F8DF600A7C4EA /* Schedule */ = {
			isa = PBXGroup;
			children = (
				57CDA7091D31EDF0005DD618 /* ScheduleViewController.swift */,
			);
			name = Schedule;
			sourceTree = "<group>";
		};
		57420D311D9F8E0600A7C4EA /* Chat */ = {
			isa = PBXGroup;
			children = (
				57EE9CA31D75220400E1A57F /* MessagesLoginViewController.swift */,
				57EE9CA51D75260200E1A57F /* ChatViewController.swift */,
			);
			name = Chat;
			sourceTree = "<group>";
		};
		57420D321D9F8E1500A7C4EA /* PDF */ = {
			isa = PBXGroup;
			children = (
				997904B01D89D8D400E3FEA4 /* PDFViewController.swift */,
			);
			name = PDF;
			sourceTree = "<group>";
		};
		57420D331D9F8F5D00A7C4EA /* Resources */ = {
			isa = PBXGroup;
			children = (
				9942E5A01D8A5CFB0030B551 /* sample.pdf */,
				9942E5A11D8A5CFB0030B551 /* sample2.pdf */,
				9942E5A21D8A5CFB0030B551 /* sample3.pdf */,
			);
			name = Resources;
			path = ..;
			sourceTree = "<group>";
		};
		57EE9CA71D7527D200E1A57F /* Models */ = {
			isa = PBXGroup;
			children = (
				572828831CC43F170005A6EA /* RegistrationModel.swift */,
				572828851CC44B470005A6EA /* RegistrationManager.swift */,
				57CDA70D1D31F297005DD618 /* ReservationStore.swift */,
				57CDA70B1D31EE1D005DD618 /* Reservation.swift */,
				99F603BA1D9A26AA00A2EA8E /* FBOsModel.swift */,
				99A46EF71DBEA42100629038 /* PilotModel.swift */,
				993F08981DC1C978001D31CE /* PilotInformationModel.swift */,
				9915ECE21D9F519C00EF65B0 /* AirportsModel.swift */,
			);
			name = Models;
			path = ..;
			sourceTree = "<group>";
		};
		57EE9CA81D7527E700E1A57F /* Layouts */ = {
			isa = PBXGroup;
			children = (
				5734C8701CAB67820031B000 /* Assets.xcassets */,
				5742FDEE1D42A19000CB0DDB /* Registration.storyboard */,
				5734C8721CAB67820031B000 /* LaunchScreen.storyboard */,
			);
			name = Layouts;
			path = ..;
			sourceTree = "<group>";
		};
		7B083106E6F3A85DD6E69866 /* Pods */ = {
			isa = PBXGroup;
			children = (
				E26A9082861F5B45E1ED21E5 /* Pods-CumulusFBO.debug.xcconfig */,
				ACE457445BE6BF3D90677A3E /* Pods-CumulusFBO.release.xcconfig */,
			);
			name = Pods;
			sourceTree = "<group>";
		};
		7D43CF5E55CCD8512A142461 /* Frameworks */ = {
			isa = PBXGroup;
			children = (
				997904B21D89DD6200E3FEA4 /* UXMPDFKit.framework */,
				411362B1E61BA4637CC091BE /* Pods_CumulusFBO.framework */,
			);
			name = Frameworks;
			sourceTree = "<group>";
		};
		997AC12D1D61F80D008FA2A5 /* ViewControllers */ = {
			isa = PBXGroup;
			children = (
				99694BE71D7D238D007FACBF /* PresentationViewController.swift */,
				99A46EF61DBE9F3D00629038 /* User Information */,
				57420D2F1D9F8DD700A7C4EA /* Register */,
				57420D301D9F8DF600A7C4EA /* Schedule */,
				57420D311D9F8E0600A7C4EA /* Chat */,
				57420D321D9F8E1500A7C4EA /* PDF */,
			);
			name = ViewControllers;
			sourceTree = "<group>";
		};
		998F91691D6EAA8200F4B4EF /* Plist */ = {
			isa = PBXGroup;
			children = (
				9912A03C1DA2C6C200EBBD4C /* Keys.plist */,
				5734C8751CAB67820031B000 /* FBOGo.plist */,
				9969BD9E1D9ADACB00639F55 /* GoogleService-Info.plist */,
				57171B3E1D7FBFE200F2C7FA /* CumulusFBO.plist */,
			);
			name = Plist;
			sourceTree = "<group>";
		};
		99A46EF61DBE9F3D00629038 /* User Information */ = {
			isa = PBXGroup;
			children = (
				99A46EF41DBE989B00629038 /* UserSignUpViewController.swift */,
				993F089A1DC40C59001D31CE /* LoginViewController.swift */,
				997B3AC21DC0253100AFEA49 /* SignUpInformationViewController.swift */,
			);
			name = "User Information";
			sourceTree = "<group>";
		};
		99B30CAA1D7F243300A1736C /* Views */ = {
			isa = PBXGroup;
			children = (
				99B30CA61D7F21BC00A1736C /* FboSelectorCell.swift */,
				5784646C1D35DF4B00E5E6BF /* ReservationCell.swift */,
				9944486B1D6C25D3002F68F5 /* ServiceCell.swift */,
			);
			name = Views;
			path = ..;
			sourceTree = "<group>";
		};
/* End PBXGroup section */

/* Begin PBXNativeTarget section */
		57171B1B1D7FBFE200F2C7FA /* CumulusFBO */ = {
			isa = PBXNativeTarget;
			buildConfigurationList = 57171B3A1D7FBFE200F2C7FA /* Build configuration list for PBXNativeTarget "CumulusFBO" */;
			buildPhases = (
				57171B1C1D7FBFE200F2C7FA /* [CP] Check Pods Manifest.lock */,
				57171B1D1D7FBFE200F2C7FA /* Sources */,
				57171B2F1D7FBFE200F2C7FA /* Frameworks */,
				57171B311D7FBFE200F2C7FA /* Resources */,
				57171B371D7FBFE200F2C7FA /* [CP] Embed Pods Frameworks */,
				57171B381D7FBFE200F2C7FA /* [CP] Copy Pods Resources */,
				57171B391D7FBFE200F2C7FA /* Embed Pods Frameworks */,
			);
			buildRules = (
			);
			dependencies = (
			);
			name = CumulusFBO;
			productName = CumlusFBO;
			productReference = 57171B3D1D7FBFE200F2C7FA /* CumulusFBO.app */;
			productType = "com.apple.product-type.application";
		};
		5734C8651CAB67820031B000 /* FBOGo */ = {
			isa = PBXNativeTarget;
			buildConfigurationList = 5734C8781CAB67820031B000 /* Build configuration list for PBXNativeTarget "FBOGo" */;
			buildPhases = (
				A9D6D32B775CD665D3C64C4A /* [CP] Check Pods Manifest.lock */,
				5734C8621CAB67820031B000 /* Sources */,
				5734C8631CAB67820031B000 /* Frameworks */,
				5734C8641CAB67820031B000 /* Resources */,
				D61D72BAA84E6AB86D511073 /* [CP] Embed Pods Frameworks */,
				F22B407C4B1FF55E7DB27628 /* [CP] Copy Pods Resources */,
				04A3A98046C2FAC121881D8B /* Embed Pods Frameworks */,
			);
			buildRules = (
			);
			dependencies = (
			);
			name = FBOGo;
			productName = CumlusFBO;
			productReference = 5734C8661CAB67820031B000 /* FBOGo.app */;
			productType = "com.apple.product-type.application";
		};
/* End PBXNativeTarget section */

/* Begin PBXProject section */
		5734C85E1CAB67820031B000 /* Project object */ = {
			isa = PBXProject;
			attributes = {
				LastSwiftUpdateCheck = 0730;
				LastUpgradeCheck = 0800;
				ORGANIZATIONNAME = "Dan Patey";
				TargetAttributes = {
					57171B1B1D7FBFE200F2C7FA = {
						DevelopmentTeam = U6J9N2F6E2;
						SystemCapabilities = {
							com.apple.Push = {
								enabled = 1;
							};
						};
					};
					5734C8651CAB67820031B000 = {
						CreatedOnToolsVersion = 7.3;
						DevelopmentTeam = U6J9N2F6E2;
						LastSwiftMigration = 0800;
						SystemCapabilities = {
							com.apple.Keychain = {
								enabled = 1;
							};
							com.apple.Push = {
								enabled = 1;
							};
							com.apple.iCloud = {
								enabled = 0;
							};
						};
					};
				};
			};
			buildConfigurationList = 5734C8611CAB67820031B000 /* Build configuration list for PBXProject "CumulusFBO" */;
			compatibilityVersion = "Xcode 3.2";
			developmentRegion = English;
			hasScannedForEncodings = 0;
			knownRegions = (
				en,
				Base,
			);
			mainGroup = 5734C85D1CAB67820031B000;
			productRefGroup = 5734C8671CAB67820031B000 /* Products */;
			projectDirPath = "";
			projectRoot = "";
			targets = (
				5734C8651CAB67820031B000 /* FBOGo */,
				57171B1B1D7FBFE200F2C7FA /* CumulusFBO */,
			);
		};
/* End PBXProject section */

/* Begin PBXResourcesBuildPhase section */
		57171B311D7FBFE200F2C7FA /* Resources */ = {
			isa = PBXResourcesBuildPhase;
			buildActionMask = 2147483647;
			files = (
				57171B331D7FBFE200F2C7FA /* LaunchScreen.storyboard in Resources */,
				57171B341D7FBFE200F2C7FA /* Assets.xcassets in Resources */,
				57171B351D7FBFE200F2C7FA /* Registration.storyboard in Resources */,
			);
			runOnlyForDeploymentPostprocessing = 0;
		};
		5734C8641CAB67820031B000 /* Resources */ = {
			isa = PBXResourcesBuildPhase;
			buildActionMask = 2147483647;
			files = (
				9912A03D1DA2C6C200EBBD4C /* Keys.plist in Resources */,
				9942E5A51D8A5CFB0030B551 /* sample3.pdf in Resources */,
				9969BD9F1D9ADACB00639F55 /* GoogleService-Info.plist in Resources */,
				5734C8741CAB67820031B000 /* LaunchScreen.storyboard in Resources */,
				9942E5A31D8A5CFB0030B551 /* sample.pdf in Resources */,
				9942E5A41D8A5CFB0030B551 /* sample2.pdf in Resources */,
				5734C8711CAB67820031B000 /* Assets.xcassets in Resources */,
				57EE9CA21D75201B00E1A57F /* Registration.storyboard in Resources */,
			);
			runOnlyForDeploymentPostprocessing = 0;
		};
/* End PBXResourcesBuildPhase section */

/* Begin PBXShellScriptBuildPhase section */
		04A3A98046C2FAC121881D8B /* Embed Pods Frameworks */ = {
			isa = PBXShellScriptBuildPhase;
			buildActionMask = 2147483647;
			files = (
			);
			inputPaths = (
			);
			name = "Embed Pods Frameworks";
			outputPaths = (
			);
			runOnlyForDeploymentPostprocessing = 0;
			shellPath = /bin/sh;
			shellScript = "\"${SRCROOT}/Pods/Target Support Files/Pods-CumulusFBO/Pods-CumulusFBO-frameworks.sh\"\n";
			showEnvVarsInLog = 0;
		};
		57171B1C1D7FBFE200F2C7FA /* [CP] Check Pods Manifest.lock */ = {
			isa = PBXShellScriptBuildPhase;
			buildActionMask = 2147483647;
			files = (
			);
			inputPaths = (
			);
			name = "[CP] Check Pods Manifest.lock";
			outputPaths = (
			);
			runOnlyForDeploymentPostprocessing = 0;
			shellPath = /bin/sh;
			shellScript = "diff \"${PODS_ROOT}/../Podfile.lock\" \"${PODS_ROOT}/Manifest.lock\" > /dev/null\nif [[ $? != 0 ]] ; then\n    cat << EOM\nerror: The sandbox is not in sync with the Podfile.lock. Run 'pod install' or update your CocoaPods installation.\nEOM\n    exit 1\nfi\n";
			showEnvVarsInLog = 0;
		};
		57171B371D7FBFE200F2C7FA /* [CP] Embed Pods Frameworks */ = {
			isa = PBXShellScriptBuildPhase;
			buildActionMask = 2147483647;
			files = (
			);
			inputPaths = (
			);
			name = "[CP] Embed Pods Frameworks";
			outputPaths = (
			);
			runOnlyForDeploymentPostprocessing = 0;
			shellPath = /bin/sh;
			shellScript = "\"${SRCROOT}/Pods/Target Support Files/Pods-CumulusFBO/Pods-CumulusFBO-frameworks.sh\"\n";
			showEnvVarsInLog = 0;
		};
		57171B381D7FBFE200F2C7FA /* [CP] Copy Pods Resources */ = {
			isa = PBXShellScriptBuildPhase;
			buildActionMask = 2147483647;
			files = (
			);
			inputPaths = (
			);
			name = "[CP] Copy Pods Resources";
			outputPaths = (
			);
			runOnlyForDeploymentPostprocessing = 0;
			shellPath = /bin/sh;
			shellScript = "\"${SRCROOT}/Pods/Target Support Files/Pods-CumulusFBO/Pods-CumulusFBO-resources.sh\"\n";
			showEnvVarsInLog = 0;
		};
		57171B391D7FBFE200F2C7FA /* Embed Pods Frameworks */ = {
			isa = PBXShellScriptBuildPhase;
			buildActionMask = 2147483647;
			files = (
			);
			inputPaths = (
			);
			name = "Embed Pods Frameworks";
			outputPaths = (
			);
			runOnlyForDeploymentPostprocessing = 0;
			shellPath = /bin/sh;
			shellScript = "\"${SRCROOT}/Pods/Target Support Files/Pods-CumulusFBO/Pods-CumulusFBO-frameworks.sh\"\n";
			showEnvVarsInLog = 0;
		};
		A9D6D32B775CD665D3C64C4A /* [CP] Check Pods Manifest.lock */ = {
			isa = PBXShellScriptBuildPhase;
			buildActionMask = 2147483647;
			files = (
			);
			inputPaths = (
			);
			name = "[CP] Check Pods Manifest.lock";
			outputPaths = (
			);
			runOnlyForDeploymentPostprocessing = 0;
			shellPath = /bin/sh;
			shellScript = "diff \"${PODS_ROOT}/../Podfile.lock\" \"${PODS_ROOT}/Manifest.lock\" > /dev/null\nif [[ $? != 0 ]] ; then\n    cat << EOM\nerror: The sandbox is not in sync with the Podfile.lock. Run 'pod install' or update your CocoaPods installation.\nEOM\n    exit 1\nfi\n";
			showEnvVarsInLog = 0;
		};
		D61D72BAA84E6AB86D511073 /* [CP] Embed Pods Frameworks */ = {
			isa = PBXShellScriptBuildPhase;
			buildActionMask = 2147483647;
			files = (
			);
			inputPaths = (
			);
			name = "[CP] Embed Pods Frameworks";
			outputPaths = (
			);
			runOnlyForDeploymentPostprocessing = 0;
			shellPath = /bin/sh;
			shellScript = "\"${SRCROOT}/Pods/Target Support Files/Pods-CumulusFBO/Pods-CumulusFBO-frameworks.sh\"\n";
			showEnvVarsInLog = 0;
		};
		F22B407C4B1FF55E7DB27628 /* [CP] Copy Pods Resources */ = {
			isa = PBXShellScriptBuildPhase;
			buildActionMask = 2147483647;
			files = (
			);
			inputPaths = (
			);
			name = "[CP] Copy Pods Resources";
			outputPaths = (
			);
			runOnlyForDeploymentPostprocessing = 0;
			shellPath = /bin/sh;
			shellScript = "\"${SRCROOT}/Pods/Target Support Files/Pods-CumulusFBO/Pods-CumulusFBO-resources.sh\"\n";
			showEnvVarsInLog = 0;
		};
/* End PBXShellScriptBuildPhase section */

/* Begin PBXSourcesBuildPhase section */
		57171B1D1D7FBFE200F2C7FA /* Sources */ = {
			isa = PBXSourcesBuildPhase;
			buildActionMask = 2147483647;
			files = (
				57171B1E1D7FBFE200F2C7FA /* ReservationStore.swift in Sources */,
				57171B1F1D7FBFE200F2C7FA /* FBOSelectorViewController.swift in Sources */,
				57171B201D7FBFE200F2C7FA /* ServicesTableViewController.swift in Sources */,
				57171B211D7FBFE200F2C7FA /* RegistrationModel.swift in Sources */,
				57171B221D7FBFE200F2C7FA /* PresentationViewController.swift in Sources */,
				57171B231D7FBFE200F2C7FA /* FboSelectorCell.swift in Sources */,
				57171B241D7FBFE200F2C7FA /* FlightInformationViewController.swift in Sources */,
				57171B251D7FBFE200F2C7FA /* ReservationCell.swift in Sources */,
				57171B261D7FBFE200F2C7FA /* MessagesLoginViewController.swift in Sources */,
				57171B271D7FBFE200F2C7FA /* ScheduleViewController.swift in Sources */,
				57171B281D7FBFE200F2C7FA /* RegistrationManager.swift in Sources */,
				57171B291D7FBFE200F2C7FA /* SummaryViewController.swift in Sources */,
				57171B2A1D7FBFE200F2C7FA /* RegistrationViewController.swift in Sources */,
				57171B2B1D7FBFE200F2C7FA /* ChatViewController.swift in Sources */,
				57171B2C1D7FBFE200F2C7FA /* AppDelegate.swift in Sources */,
				57171B2D1D7FBFE200F2C7FA /* Reservation.swift in Sources */,
				57171B2E1D7FBFE200F2C7FA /* ServiceCell.swift in Sources */,
			);
			runOnlyForDeploymentPostprocessing = 0;
		};
		5734C8621CAB67820031B000 /* Sources */ = {
			isa = PBXSourcesBuildPhase;
			buildActionMask = 2147483647;
			files = (
				57CDA70E1D31F297005DD618 /* ReservationStore.swift in Sources */,
				99A46EF51DBE989B00629038 /* UserSignUpViewController.swift in Sources */,
				99F603BB1D9A26AA00A2EA8E /* FBOsModel.swift in Sources */,
				997B3AC31DC0253100AFEA49 /* SignUpInformationViewController.swift in Sources */,
				99B30CA51D7E0F8600A1736C /* FBOSelectorViewController.swift in Sources */,
				99A46EF81DBEA42100629038 /* PilotModel.swift in Sources */,
				991B63631D67954200922085 /* ServicesTableViewController.swift in Sources */,
				572828841CC43F170005A6EA /* RegistrationModel.swift in Sources */,
				99694BE81D7D238D007FACBF /* PresentationViewController.swift in Sources */,
				99B30CA71D7F21BC00A1736C /* FboSelectorCell.swift in Sources */,
				9915ECE31D9F519C00EF65B0 /* AirportsModel.swift in Sources */,
				57CDA7081D31BACE005DD618 /* FlightInformationViewController.swift in Sources */,
				5784646D1D35DF4B00E5E6BF /* ReservationCell.swift in Sources */,
				993F08991DC1C978001D31CE /* PilotInformationModel.swift in Sources */,
				57EE9CA41D75220400E1A57F /* MessagesLoginViewController.swift in Sources */,
				997904B11D89D8D400E3FEA4 /* PDFViewController.swift in Sources */,
				57CDA70A1D31EDF0005DD618 /* ScheduleViewController.swift in Sources */,
				572828861CC44B470005A6EA /* RegistrationManager.swift in Sources */,
				5734C8861CAB766A0031B000 /* SummaryViewController.swift in Sources */,
				5734C86C1CAB67820031B000 /* RegistrationViewController.swift in Sources */,
				57EE9CA61D75260200E1A57F /* ChatViewController.swift in Sources */,
				5734C86A1CAB67820031B000 /* AppDelegate.swift in Sources */,
				57CDA70C1D31EE1D005DD618 /* Reservation.swift in Sources */,
				99B39B161DAB4E5100675128 /* SelectionTableViewController.swift in Sources */,
				993F089B1DC40C59001D31CE /* LoginViewController.swift in Sources */,
				9944486C1D6C25D3002F68F5 /* ServiceCell.swift in Sources */,
			);
			runOnlyForDeploymentPostprocessing = 0;
		};
/* End PBXSourcesBuildPhase section */

/* Begin PBXVariantGroup section */
		5734C8721CAB67820031B000 /* LaunchScreen.storyboard */ = {
			isa = PBXVariantGroup;
			children = (
				5734C8731CAB67820031B000 /* Base */,
			);
			name = LaunchScreen.storyboard;
			path = CumulusFBO;
			sourceTree = "<group>";
		};
/* End PBXVariantGroup section */

/* Begin XCBuildConfiguration section */
		57171B3B1D7FBFE200F2C7FA /* Debug */ = {
			isa = XCBuildConfiguration;
			baseConfigurationReference = E26A9082861F5B45E1ED21E5 /* Pods-CumulusFBO.debug.xcconfig */;
			buildSettings = {
				ASSETCATALOG_COMPILER_APPICON_NAME = AppIcon;
				INFOPLIST_FILE = "$(SRCROOT)/CumulusFBO.plist";
				LD_RUNPATH_SEARCH_PATHS = "$(inherited) @executable_path/Frameworks";
				PRODUCT_BUNDLE_IDENTIFIER = com.danpatey.CumulusFBO;
				PRODUCT_NAME = "$(TARGET_NAME)";
			};
			name = Debug;
		};
		57171B3C1D7FBFE200F2C7FA /* Release */ = {
			isa = XCBuildConfiguration;
			baseConfigurationReference = ACE457445BE6BF3D90677A3E /* Pods-CumulusFBO.release.xcconfig */;
			buildSettings = {
				ASSETCATALOG_COMPILER_APPICON_NAME = AppIcon;
				INFOPLIST_FILE = "$(SRCROOT)/CumulusFBO.plist";
				LD_RUNPATH_SEARCH_PATHS = "$(inherited) @executable_path/Frameworks";
				PRODUCT_BUNDLE_IDENTIFIER = com.danpatey.CumulusFBO;
				PRODUCT_NAME = "$(TARGET_NAME)";
			};
			name = Release;
		};
		5734C8761CAB67820031B000 /* Debug */ = {
			isa = XCBuildConfiguration;
			buildSettings = {
				ALWAYS_SEARCH_USER_PATHS = NO;
				CLANG_ANALYZER_NONNULL = YES;
				CLANG_CXX_LANGUAGE_STANDARD = "gnu++0x";
				CLANG_CXX_LIBRARY = "libc++";
				CLANG_ENABLE_MODULES = YES;
				CLANG_ENABLE_OBJC_ARC = YES;
				CLANG_WARN_BOOL_CONVERSION = YES;
				CLANG_WARN_CONSTANT_CONVERSION = YES;
				CLANG_WARN_DIRECT_OBJC_ISA_USAGE = YES_ERROR;
				CLANG_WARN_EMPTY_BODY = YES;
				CLANG_WARN_ENUM_CONVERSION = YES;
				CLANG_WARN_INFINITE_RECURSION = YES;
				CLANG_WARN_INT_CONVERSION = YES;
				CLANG_WARN_OBJC_ROOT_CLASS = YES_ERROR;
				CLANG_WARN_SUSPICIOUS_MOVE = YES;
				CLANG_WARN_UNREACHABLE_CODE = YES;
				CLANG_WARN__DUPLICATE_METHOD_MATCH = YES;
				"CODE_SIGN_IDENTITY[sdk=iphoneos*]" = "iPhone Developer";
				COPY_PHASE_STRIP = NO;
				DEBUG_INFORMATION_FORMAT = dwarf;
				ENABLE_STRICT_OBJC_MSGSEND = YES;
				ENABLE_TESTABILITY = YES;
				GCC_C_LANGUAGE_STANDARD = gnu99;
				GCC_DYNAMIC_NO_PIC = NO;
				GCC_NO_COMMON_BLOCKS = YES;
				GCC_OPTIMIZATION_LEVEL = 0;
				GCC_PREPROCESSOR_DEFINITIONS = (
					"DEBUG=1",
					"$(inherited)",
				);
				GCC_WARN_64_TO_32_BIT_CONVERSION = YES;
				GCC_WARN_ABOUT_RETURN_TYPE = YES_ERROR;
				GCC_WARN_UNDECLARED_SELECTOR = YES;
				GCC_WARN_UNINITIALIZED_AUTOS = YES_AGGRESSIVE;
				GCC_WARN_UNUSED_FUNCTION = YES;
				GCC_WARN_UNUSED_VARIABLE = YES;
				IPHONEOS_DEPLOYMENT_TARGET = 9.3;
				MTL_ENABLE_DEBUG_INFO = YES;
				ONLY_ACTIVE_ARCH = YES;
				SDKROOT = iphoneos;
				SWIFT_OPTIMIZATION_LEVEL = "-Onone";
				TARGETED_DEVICE_FAMILY = "1,2";
			};
			name = Debug;
		};
		5734C8771CAB67820031B000 /* Release */ = {
			isa = XCBuildConfiguration;
			buildSettings = {
				ALWAYS_SEARCH_USER_PATHS = NO;
				CLANG_ANALYZER_NONNULL = YES;
				CLANG_CXX_LANGUAGE_STANDARD = "gnu++0x";
				CLANG_CXX_LIBRARY = "libc++";
				CLANG_ENABLE_MODULES = YES;
				CLANG_ENABLE_OBJC_ARC = YES;
				CLANG_WARN_BOOL_CONVERSION = YES;
				CLANG_WARN_CONSTANT_CONVERSION = YES;
				CLANG_WARN_DIRECT_OBJC_ISA_USAGE = YES_ERROR;
				CLANG_WARN_EMPTY_BODY = YES;
				CLANG_WARN_ENUM_CONVERSION = YES;
				CLANG_WARN_INFINITE_RECURSION = YES;
				CLANG_WARN_INT_CONVERSION = YES;
				CLANG_WARN_OBJC_ROOT_CLASS = YES_ERROR;
				CLANG_WARN_SUSPICIOUS_MOVE = YES;
				CLANG_WARN_UNREACHABLE_CODE = YES;
				CLANG_WARN__DUPLICATE_METHOD_MATCH = YES;
				"CODE_SIGN_IDENTITY[sdk=iphoneos*]" = "iPhone Developer";
				COPY_PHASE_STRIP = NO;
				DEBUG_INFORMATION_FORMAT = "dwarf-with-dsym";
				ENABLE_NS_ASSERTIONS = NO;
				ENABLE_STRICT_OBJC_MSGSEND = YES;
				GCC_C_LANGUAGE_STANDARD = gnu99;
				GCC_NO_COMMON_BLOCKS = YES;
				GCC_WARN_64_TO_32_BIT_CONVERSION = YES;
				GCC_WARN_ABOUT_RETURN_TYPE = YES_ERROR;
				GCC_WARN_UNDECLARED_SELECTOR = YES;
				GCC_WARN_UNINITIALIZED_AUTOS = YES_AGGRESSIVE;
				GCC_WARN_UNUSED_FUNCTION = YES;
				GCC_WARN_UNUSED_VARIABLE = YES;
				IPHONEOS_DEPLOYMENT_TARGET = 9.3;
				MTL_ENABLE_DEBUG_INFO = NO;
				SDKROOT = iphoneos;
				SWIFT_OPTIMIZATION_LEVEL = "-Owholemodule";
				TARGETED_DEVICE_FAMILY = "1,2";
				VALIDATE_PRODUCT = YES;
			};
			name = Release;
		};
		5734C8791CAB67820031B000 /* Debug */ = {
			isa = XCBuildConfiguration;
			baseConfigurationReference = E26A9082861F5B45E1ED21E5 /* Pods-CumulusFBO.debug.xcconfig */;
			buildSettings = {
				ASSETCATALOG_COMPILER_APPICON_NAME = "AppIcon-1";
				CODE_SIGN_ENTITLEMENTS = FBOGo/FBOGo.entitlements;
				CODE_SIGN_IDENTITY = "iPhone Developer";
				INFOPLIST_FILE = "$(SRCROOT)/CumulusFBO/FBOGo.plist";
				LD_RUNPATH_SEARCH_PATHS = "$(inherited) @executable_path/Frameworks";
				PRODUCT_BUNDLE_IDENTIFIER = com.danpatey.FBOGo;
				PRODUCT_NAME = FBOGo;
				SWIFT_VERSION = 2.3;
			};
			name = Debug;
		};
		5734C87A1CAB67820031B000 /* Release */ = {
			isa = XCBuildConfiguration;
			baseConfigurationReference = ACE457445BE6BF3D90677A3E /* Pods-CumulusFBO.release.xcconfig */;
			buildSettings = {
				ASSETCATALOG_COMPILER_APPICON_NAME = "AppIcon-1";
				CODE_SIGN_ENTITLEMENTS = FBOGo/FBOGo.entitlements;
				CODE_SIGN_IDENTITY = "iPhone Developer";
				"CODE_SIGN_IDENTITY[sdk=iphoneos*]" = "iPhone Distribution";
				INFOPLIST_FILE = "$(SRCROOT)/CumulusFBO/FBOGo.plist";
				LD_RUNPATH_SEARCH_PATHS = "$(inherited) @executable_path/Frameworks";
				PRODUCT_BUNDLE_IDENTIFIER = com.danpatey.FBOGo;
				PRODUCT_NAME = FBOGo;
				SWIFT_VERSION = 2.3;
			};
			name = Release;
		};
/* End XCBuildConfiguration section */

/* Begin XCConfigurationList section */
		57171B3A1D7FBFE200F2C7FA /* Build configuration list for PBXNativeTarget "CumulusFBO" */ = {
			isa = XCConfigurationList;
			buildConfigurations = (
				57171B3B1D7FBFE200F2C7FA /* Debug */,
				57171B3C1D7FBFE200F2C7FA /* Release */,
			);
			defaultConfigurationIsVisible = 0;
			defaultConfigurationName = Release;
		};
		5734C8611CAB67820031B000 /* Build configuration list for PBXProject "CumulusFBO" */ = {
			isa = XCConfigurationList;
			buildConfigurations = (
				5734C8761CAB67820031B000 /* Debug */,
				5734C8771CAB67820031B000 /* Release */,
			);
			defaultConfigurationIsVisible = 0;
			defaultConfigurationName = Release;
		};
		5734C8781CAB67820031B000 /* Build configuration list for PBXNativeTarget "FBOGo" */ = {
			isa = XCConfigurationList;
			buildConfigurations = (
				5734C8791CAB67820031B000 /* Debug */,
				5734C87A1CAB67820031B000 /* Release */,
			);
			defaultConfigurationIsVisible = 0;
			defaultConfigurationName = Release;
		};
/* End XCConfigurationList section */
	};
	rootObject = 5734C85E1CAB67820031B000 /* Project object */;
}
