// !$*UTF8*$!
{
	archiveVersion = 1;
	classes = {
	};
	objectVersion = 46;
	objects = {

/* Begin PBXBuildFile section */
		572828841CC43F170005A6EA /* RegistrationModel.swift in Sources */ = {isa = PBXBuildFile; fileRef = 572828831CC43F170005A6EA /* RegistrationModel.swift */; };
		572828861CC44B470005A6EA /* RegistrationManager.swift in Sources */ = {isa = PBXBuildFile; fileRef = 572828851CC44B470005A6EA /* RegistrationManager.swift */; };
		5734C86A1CAB67820031B000 /* AppDelegate.swift in Sources */ = {isa = PBXBuildFile; fileRef = 5734C8691CAB67820031B000 /* AppDelegate.swift */; };
		5734C86C1CAB67820031B000 /* RegistrationViewController.swift in Sources */ = {isa = PBXBuildFile; fileRef = 5734C86B1CAB67820031B000 /* RegistrationViewController.swift */; };
		5734C8711CAB67820031B000 /* Assets.xcassets in Resources */ = {isa = PBXBuildFile; fileRef = 5734C8701CAB67820031B000 /* Assets.xcassets */; };
		5734C8741CAB67820031B000 /* LaunchScreen.storyboard in Resources */ = {isa = PBXBuildFile; fileRef = 5734C8721CAB67820031B000 /* LaunchScreen.storyboard */; };
		5734C8861CAB766A0031B000 /* SummaryViewController.swift in Sources */ = {isa = PBXBuildFile; fileRef = 5734C8851CAB766A0031B000 /* SummaryViewController.swift */; };
		5794E2341D30E66C00AE124E /* Registration.storyboard in Resources */ = {isa = PBXBuildFile; fileRef = 5794E2321D30E66C00AE124E /* Registration.storyboard */; };
		57CDA7081D31BACE005DD618 /* FlightInformationViewController.swift in Sources */ = {isa = PBXBuildFile; fileRef = 57CDA7071D31BACE005DD618 /* FlightInformationViewController.swift */; };
		57CDA70A1D31EDF0005DD618 /* ScheduleViewController.swift in Sources */ = {isa = PBXBuildFile; fileRef = 57CDA7091D31EDF0005DD618 /* ScheduleViewController.swift */; };
		57CDA70C1D31EE1D005DD618 /* Schedule.swift in Sources */ = {isa = PBXBuildFile; fileRef = 57CDA70B1D31EE1D005DD618 /* Schedule.swift */; };
/* End PBXBuildFile section */

/* Begin PBXFileReference section */
		572828831CC43F170005A6EA /* RegistrationModel.swift */ = {isa = PBXFileReference; fileEncoding = 4; lastKnownFileType = sourcecode.swift; lineEnding = 0; path = RegistrationModel.swift; sourceTree = "<group>"; xcLanguageSpecificationIdentifier = xcode.lang.swift; };
		572828851CC44B470005A6EA /* RegistrationManager.swift */ = {isa = PBXFileReference; fileEncoding = 4; lastKnownFileType = sourcecode.swift; path = RegistrationManager.swift; sourceTree = "<group>"; };
		5734C8661CAB67820031B000 /* CumulusFBO.app */ = {isa = PBXFileReference; explicitFileType = wrapper.application; includeInIndex = 0; path = CumulusFBO.app; sourceTree = BUILT_PRODUCTS_DIR; };
		5734C8691CAB67820031B000 /* AppDelegate.swift */ = {isa = PBXFileReference; lastKnownFileType = sourcecode.swift; path = AppDelegate.swift; sourceTree = "<group>"; };
		5734C86B1CAB67820031B000 /* RegistrationViewController.swift */ = {isa = PBXFileReference; lastKnownFileType = sourcecode.swift; lineEnding = 0; path = RegistrationViewController.swift; sourceTree = "<group>"; xcLanguageSpecificationIdentifier = xcode.lang.swift; };
		5734C8701CAB67820031B000 /* Assets.xcassets */ = {isa = PBXFileReference; lastKnownFileType = folder.assetcatalog; path = Assets.xcassets; sourceTree = "<group>"; };
		5734C8731CAB67820031B000 /* Base */ = {isa = PBXFileReference; lastKnownFileType = file.storyboard; name = Base; path = Base.lproj/LaunchScreen.storyboard; sourceTree = "<group>"; };
		5734C8751CAB67820031B000 /* Info.plist */ = {isa = PBXFileReference; lastKnownFileType = text.plist.xml; path = Info.plist; sourceTree = "<group>"; };
		5734C8851CAB766A0031B000 /* SummaryViewController.swift */ = {isa = PBXFileReference; fileEncoding = 4; lastKnownFileType = sourcecode.swift; path = SummaryViewController.swift; sourceTree = "<group>"; };
		5794E2331D30E66C00AE124E /* Base */ = {isa = PBXFileReference; lastKnownFileType = file.storyboard; name = Base; path = CumulusFBO/Base.lproj/Registration.storyboard; sourceTree = "<group>"; };
		57CDA7071D31BACE005DD618 /* FlightInformationViewController.swift */ = {isa = PBXFileReference; fileEncoding = 4; lastKnownFileType = sourcecode.swift; path = FlightInformationViewController.swift; sourceTree = "<group>"; };
		57CDA7091D31EDF0005DD618 /* ScheduleViewController.swift */ = {isa = PBXFileReference; fileEncoding = 4; lastKnownFileType = sourcecode.swift; path = ScheduleViewController.swift; sourceTree = "<group>"; };
		57CDA70B1D31EE1D005DD618 /* Schedule.swift */ = {isa = PBXFileReference; fileEncoding = 4; lastKnownFileType = sourcecode.swift; path = Schedule.swift; sourceTree = "<group>"; };
/* End PBXFileReference section */

/* Begin PBXFrameworksBuildPhase section */
		5734C8631CAB67820031B000 /* Frameworks */ = {
			isa = PBXFrameworksBuildPhase;
			buildActionMask = 2147483647;
			files = (
			);
			runOnlyForDeploymentPostprocessing = 0;
		};
/* End PBXFrameworksBuildPhase section */

/* Begin PBXGroup section */
		5734C85D1CAB67820031B000 = {
			isa = PBXGroup;
			children = (
				5734C8681CAB67820031B000 /* CumlusFBO */,
				5734C8671CAB67820031B000 /* Products */,
			);
			sourceTree = "<group>";
		};
		5734C8671CAB67820031B000 /* Products */ = {
			isa = PBXGroup;
			children = (
				5734C8661CAB67820031B000 /* CumulusFBO.app */,
			);
			name = Products;
			sourceTree = "<group>";
		};
		5734C8681CAB67820031B000 /* CumlusFBO */ = {
			isa = PBXGroup;
			children = (
				5734C8691CAB67820031B000 /* AppDelegate.swift */,
				5734C86B1CAB67820031B000 /* RegistrationViewController.swift */,
				57CDA7071D31BACE005DD618 /* FlightInformationViewController.swift */,
				5734C8851CAB766A0031B000 /* SummaryViewController.swift */,
				57CDA7091D31EDF0005DD618 /* ScheduleViewController.swift */,
				572828831CC43F170005A6EA /* RegistrationModel.swift */,
				572828851CC44B470005A6EA /* RegistrationManager.swift */,
				57CDA70B1D31EE1D005DD618 /* Schedule.swift */,
				5734C8701CAB67820031B000 /* Assets.xcassets */,
				5794E2321D30E66C00AE124E /* Registration.storyboard */,
				5734C8721CAB67820031B000 /* LaunchScreen.storyboard */,
				5734C8751CAB67820031B000 /* Info.plist */,
			);
			name = CumlusFBO;
			path = CumulusFBO;
			sourceTree = "<group>";
		};
/* End PBXGroup section */

/* Begin PBXNativeTarget section */
		5734C8651CAB67820031B000 /* CumulusFBO */ = {
			isa = PBXNativeTarget;
			buildConfigurationList = 5734C8781CAB67820031B000 /* Build configuration list for PBXNativeTarget "CumulusFBO" */;
			buildPhases = (
				5734C8621CAB67820031B000 /* Sources */,
				5734C8631CAB67820031B000 /* Frameworks */,
				5734C8641CAB67820031B000 /* Resources */,
			);
			buildRules = (
			);
			dependencies = (
			);
			name = CumulusFBO;
			productName = CumlusFBO;
			productReference = 5734C8661CAB67820031B000 /* CumulusFBO.app */;
			productType = "com.apple.product-type.application";
		};
/* End PBXNativeTarget section */

/* Begin PBXProject section */
		5734C85E1CAB67820031B000 /* Project object */ = {
			isa = PBXProject;
			attributes = {
				LastSwiftUpdateCheck = 0730;
				LastUpgradeCheck = 0730;
				ORGANIZATIONNAME = "Dan Patey";
				TargetAttributes = {
					5734C8651CAB67820031B000 = {
						CreatedOnToolsVersion = 7.3;
						DevelopmentTeam = U6J9N2F6E2;
					};
				};
			};
			buildConfigurationList = 5734C8611CAB67820031B000 /* Build configuration list for PBXProject "CumulusFBO" */;
			compatibilityVersion = "Xcode 3.2";
			developmentRegion = English;
			hasScannedForEncodings = 0;
			knownRegions = (
				en,
				Base,
			);
			mainGroup = 5734C85D1CAB67820031B000;
			productRefGroup = 5734C8671CAB67820031B000 /* Products */;
			projectDirPath = "";
			projectRoot = "";
			targets = (
				5734C8651CAB67820031B000 /* CumulusFBO */,
			);
		};
/* End PBXProject section */

/* Begin PBXResourcesBuildPhase section */
		5734C8641CAB67820031B000 /* Resources */ = {
			isa = PBXResourcesBuildPhase;
			buildActionMask = 2147483647;
			files = (
				5734C8741CAB67820031B000 /* LaunchScreen.storyboard in Resources */,
				5734C8711CAB67820031B000 /* Assets.xcassets in Resources */,
				5794E2341D30E66C00AE124E /* Registration.storyboard in Resources */,
			);
			runOnlyForDeploymentPostprocessing = 0;
		};
/* End PBXResourcesBuildPhase section */

/* Begin PBXSourcesBuildPhase section */
		5734C8621CAB67820031B000 /* Sources */ = {
			isa = PBXSourcesBuildPhase;
			buildActionMask = 2147483647;
			files = (
				572828841CC43F170005A6EA /* RegistrationModel.swift in Sources */,
				57CDA7081D31BACE005DD618 /* FlightInformationViewController.swift in Sources */,
				57CDA70A1D31EDF0005DD618 /* ScheduleViewController.swift in Sources */,
				572828861CC44B470005A6EA /* RegistrationManager.swift in Sources */,
				5734C8861CAB766A0031B000 /* SummaryViewController.swift in Sources */,
				5734C86C1CAB67820031B000 /* RegistrationViewController.swift in Sources */,
				5734C86A1CAB67820031B000 /* AppDelegate.swift in Sources */,
				57CDA70C1D31EE1D005DD618 /* Schedule.swift in Sources */,
			);
			runOnlyForDeploymentPostprocessing = 0;
		};
/* End PBXSourcesBuildPhase section */

/* Begin PBXVariantGroup section */
		5734C8721CAB67820031B000 /* LaunchScreen.storyboard */ = {
			isa = PBXVariantGroup;
			children = (
				5734C8731CAB67820031B000 /* Base */,
			);
			name = LaunchScreen.storyboard;
			sourceTree = "<group>";
		};
		5794E2321D30E66C00AE124E /* Registration.storyboard */ = {
			isa = PBXVariantGroup;
			children = (
				5794E2331D30E66C00AE124E /* Base */,
			);
			name = Registration.storyboard;
			path = ..;
			sourceTree = "<group>";
		};
/* End PBXVariantGroup section */

/* Begin XCBuildConfiguration section */
		5734C8761CAB67820031B000 /* Debug */ = {
			isa = XCBuildConfiguration;
			buildSettings = {
				ALWAYS_SEARCH_USER_PATHS = NO;
				CLANG_ANALYZER_NONNULL = YES;
				CLANG_CXX_LANGUAGE_STANDARD = "gnu++0x";
				CLANG_CXX_LIBRARY = "libc++";
				CLANG_ENABLE_MODULES = YES;
				CLANG_ENABLE_OBJC_ARC = YES;
				CLANG_WARN_BOOL_CONVERSION = YES;
				CLANG_WARN_CONSTANT_CONVERSION = YES;
				CLANG_WARN_DIRECT_OBJC_ISA_USAGE = YES_ERROR;
				CLANG_WARN_EMPTY_BODY = YES;
				CLANG_WARN_ENUM_CONVERSION = YES;
				CLANG_WARN_INT_CONVERSION = YES;
				CLANG_WARN_OBJC_ROOT_CLASS = YES_ERROR;
				CLANG_WARN_UNREACHABLE_CODE = YES;
				CLANG_WARN__DUPLICATE_METHOD_MATCH = YES;
				"CODE_SIGN_IDENTITY[sdk=iphoneos*]" = "iPhone Developer";
				COPY_PHASE_STRIP = NO;
				DEBUG_INFORMATION_FORMAT = dwarf;
				ENABLE_STRICT_OBJC_MSGSEND = YES;
				ENABLE_TESTABILITY = YES;
				GCC_C_LANGUAGE_STANDARD = gnu99;
				GCC_DYNAMIC_NO_PIC = NO;
				GCC_NO_COMMON_BLOCKS = YES;
				GCC_OPTIMIZATION_LEVEL = 0;
				GCC_PREPROCESSOR_DEFINITIONS = (
					"DEBUG=1",
					"$(inherited)",
				);
				GCC_WARN_64_TO_32_BIT_CONVERSION = YES;
				GCC_WARN_ABOUT_RETURN_TYPE = YES_ERROR;
				GCC_WARN_UNDECLARED_SELECTOR = YES;
				GCC_WARN_UNINITIALIZED_AUTOS = YES_AGGRESSIVE;
				GCC_WARN_UNUSED_FUNCTION = YES;
				GCC_WARN_UNUSED_VARIABLE = YES;
				IPHONEOS_DEPLOYMENT_TARGET = 9.3;
				MTL_ENABLE_DEBUG_INFO = YES;
				ONLY_ACTIVE_ARCH = YES;
				SDKROOT = iphoneos;
				SWIFT_OPTIMIZATION_LEVEL = "-Onone";
				TARGETED_DEVICE_FAMILY = "1,2";
			};
			name = Debug;
		};
		5734C8771CAB67820031B000 /* Release */ = {
			isa = XCBuildConfiguration;
			buildSettings = {
				ALWAYS_SEARCH_USER_PATHS = NO;
				CLANG_ANALYZER_NONNULL = YES;
				CLANG_CXX_LANGUAGE_STANDARD = "gnu++0x";
				CLANG_CXX_LIBRARY = "libc++";
				CLANG_ENABLE_MODULES = YES;
				CLANG_ENABLE_OBJC_ARC = YES;
				CLANG_WARN_BOOL_CONVERSION = YES;
				CLANG_WARN_CONSTANT_CONVERSION = YES;
				CLANG_WARN_DIRECT_OBJC_ISA_USAGE = YES_ERROR;
				CLANG_WARN_EMPTY_BODY = YES;
				CLANG_WARN_ENUM_CONVERSION = YES;
				CLANG_WARN_INT_CONVERSION = YES;
				CLANG_WARN_OBJC_ROOT_CLASS = YES_ERROR;
				CLANG_WARN_UNREACHABLE_CODE = YES;
				CLANG_WARN__DUPLICATE_METHOD_MATCH = YES;
				"CODE_SIGN_IDENTITY[sdk=iphoneos*]" = "iPhone Developer";
				COPY_PHASE_STRIP = NO;
				DEBUG_INFORMATION_FORMAT = "dwarf-with-dsym";
				ENABLE_NS_ASSERTIONS = NO;
				ENABLE_STRICT_OBJC_MSGSEND = YES;
				GCC_C_LANGUAGE_STANDARD = gnu99;
				GCC_NO_COMMON_BLOCKS = YES;
				GCC_WARN_64_TO_32_BIT_CONVERSION = YES;
				GCC_WARN_ABOUT_RETURN_TYPE = YES_ERROR;
				GCC_WARN_UNDECLARED_SELECTOR = YES;
				GCC_WARN_UNINITIALIZED_AUTOS = YES_AGGRESSIVE;
				GCC_WARN_UNUSED_FUNCTION = YES;
				GCC_WARN_UNUSED_VARIABLE = YES;
				IPHONEOS_DEPLOYMENT_TARGET = 9.3;
				MTL_ENABLE_DEBUG_INFO = NO;
				SDKROOT = iphoneos;
				TARGETED_DEVICE_FAMILY = "1,2";
				VALIDATE_PRODUCT = YES;
			};
			name = Release;
		};
		5734C8791CAB67820031B000 /* Debug */ = {
			isa = XCBuildConfiguration;
			buildSettings = {
				ASSETCATALOG_COMPILER_APPICON_NAME = AppIcon;
				INFOPLIST_FILE = CumulusFBO/Info.plist;
				LD_RUNPATH_SEARCH_PATHS = "$(inherited) @executable_path/Frameworks";
				PRODUCT_BUNDLE_IDENTIFIER = com.danpatey.CumulusFBO;
				PRODUCT_NAME = CumulusFBO;
			};
			name = Debug;
		};
		5734C87A1CAB67820031B000 /* Release */ = {
			isa = XCBuildConfiguration;
			buildSettings = {
				ASSETCATALOG_COMPILER_APPICON_NAME = AppIcon;
				INFOPLIST_FILE = CumulusFBO/Info.plist;
				LD_RUNPATH_SEARCH_PATHS = "$(inherited) @executable_path/Frameworks";
				PRODUCT_BUNDLE_IDENTIFIER = com.danpatey.CumulusFBO;
				PRODUCT_NAME = CumulusFBO;
			};
			name = Release;
		};
/* End XCBuildConfiguration section */

/* Begin XCConfigurationList section */
		5734C8611CAB67820031B000 /* Build configuration list for PBXProject "CumulusFBO" */ = {
			isa = XCConfigurationList;
			buildConfigurations = (
				5734C8761CAB67820031B000 /* Debug */,
				5734C8771CAB67820031B000 /* Release */,
			);
			defaultConfigurationIsVisible = 0;
			defaultConfigurationName = Release;
		};
		5734C8781CAB67820031B000 /* Build configuration list for PBXNativeTarget "CumulusFBO" */ = {
			isa = XCConfigurationList;
			buildConfigurations = (
				5734C8791CAB67820031B000 /* Debug */,
				5734C87A1CAB67820031B000 /* Release */,
			);
			defaultConfigurationIsVisible = 0;
			defaultConfigurationName = Release;
		};
/* End XCConfigurationList section */
	};
	rootObject = 5734C85E1CAB67820031B000 /* Project object */;
}
